// !$*UTF8*$!
{
	archiveVersion = 1;
	classes = {
	};
	objectVersion = 46;
	objects = {

/* Begin PBXBuildFile section */
		F75680A51705CC8C0042BB55 /* OSU_searchViewController.m in Sources */ = {isa = PBXBuildFile; fileRef = F75680A41705CC8C0042BB55 /* OSU_searchViewController.m */; };
		F75680AF1705DB0C0042BB55 /* AFPickerView.m in Sources */ = {isa = PBXBuildFile; fileRef = F75680A81705DB0C0042BB55 /* AFPickerView.m */; };
		F75680B01705DB0C0042BB55 /* pickerBackground.png in Resources */ = {isa = PBXBuildFile; fileRef = F75680A91705DB0C0042BB55 /* pickerBackground.png */; };
		F75680B11705DB0C0042BB55 /* pickerBackground@2x.png in Resources */ = {isa = PBXBuildFile; fileRef = F75680AA1705DB0C0042BB55 /* pickerBackground@2x.png */; };
		F75680B21705DB0C0042BB55 /* pickerGlass.png in Resources */ = {isa = PBXBuildFile; fileRef = F75680AB1705DB0C0042BB55 /* pickerGlass.png */; };
		F75680B31705DB0C0042BB55 /* pickerGlass@2x.png in Resources */ = {isa = PBXBuildFile; fileRef = F75680AC1705DB0C0042BB55 /* pickerGlass@2x.png */; };
		F75680B41705DB0C0042BB55 /* pickerShadows.png in Resources */ = {isa = PBXBuildFile; fileRef = F75680AD1705DB0C0042BB55 /* pickerShadows.png */; };
		F75680B51705DB0C0042BB55 /* pickerShadows@2x.png in Resources */ = {isa = PBXBuildFile; fileRef = F75680AE1705DB0C0042BB55 /* pickerShadows@2x.png */; };
		F75680B81705F4390042BB55 /* OSU_searchResultViewController.m in Sources */ = {isa = PBXBuildFile; fileRef = F75680B71705F4390042BB55 /* OSU_searchResultViewController.m */; };
		F75680BB170666660042BB55 /* OSU_3BBooks.m in Sources */ = {isa = PBXBuildFile; fileRef = F75680BA170666660042BB55 /* OSU_3BBooks.m */; };
		F75680C117067D400042BB55 /* OSU_3BBookCell.m in Sources */ = {isa = PBXBuildFile; fileRef = F75680C017067D400042BB55 /* OSU_3BBookCell.m */; };
		F775230F17027DF6004D7A4D /* UIKit.framework in Frameworks */ = {isa = PBXBuildFile; fileRef = F775230E17027DF6004D7A4D /* UIKit.framework */; };
		F775231117027DF6004D7A4D /* Foundation.framework in Frameworks */ = {isa = PBXBuildFile; fileRef = F775231017027DF6004D7A4D /* Foundation.framework */; };
		F775231317027DF6004D7A4D /* CoreGraphics.framework in Frameworks */ = {isa = PBXBuildFile; fileRef = F775231217027DF6004D7A4D /* CoreGraphics.framework */; };
		F775231917027DF6004D7A4D /* InfoPlist.strings in Resources */ = {isa = PBXBuildFile; fileRef = F775231717027DF6004D7A4D /* InfoPlist.strings */; };
		F775231B17027DF6004D7A4D /* main.m in Sources */ = {isa = PBXBuildFile; fileRef = F775231A17027DF6004D7A4D /* main.m */; };
		F775231F17027DF6004D7A4D /* OSUAppDelegate.m in Sources */ = {isa = PBXBuildFile; fileRef = F775231E17027DF6004D7A4D /* OSUAppDelegate.m */; };
		F775232117027DF6004D7A4D /* Default.png in Resources */ = {isa = PBXBuildFile; fileRef = F775232017027DF6004D7A4D /* Default.png */; };
		F775232317027DF6004D7A4D /* Default@2x.png in Resources */ = {isa = PBXBuildFile; fileRef = F775232217027DF6004D7A4D /* Default@2x.png */; };
		F775232517027DF6004D7A4D /* Default-568h@2x.png in Resources */ = {isa = PBXBuildFile; fileRef = F775232417027DF6004D7A4D /* Default-568h@2x.png */; };
		F775232817027DF6004D7A4D /* MainStoryboard.storyboard in Resources */ = {isa = PBXBuildFile; fileRef = F775232617027DF6004D7A4D /* MainStoryboard.storyboard */; };
		F7752336170282CA004D7A4D /* OSU_initViewController.m in Sources */ = {isa = PBXBuildFile; fileRef = F7752335170282CA004D7A4D /* OSU_initViewController.m */; };
		F7752341170283D3004D7A4D /* OSU_3BSQLiteDatabaseHandler.m in Sources */ = {isa = PBXBuildFile; fileRef = F7752340170283D3004D7A4D /* OSU_3BSQLiteDatabaseHandler.m */; };
		F7752344170284BF004D7A4D /* libsqlite3.0.dylib in Frameworks */ = {isa = PBXBuildFile; fileRef = F7752342170284BF004D7A4D /* libsqlite3.0.dylib */; };
		F7752345170284BF004D7A4D /* libsqlite3.dylib in Frameworks */ = {isa = PBXBuildFile; fileRef = F7752343170284BF004D7A4D /* libsqlite3.dylib */; };
		F775234A17028959004D7A4D /* OSU_3BBook.m in Sources */ = {isa = PBXBuildFile; fileRef = F775234917028959004D7A4D /* OSU_3BBook.m */; };
		F775234E17029B97004D7A4D /* 3BBooks.sqlite in Resources */ = {isa = PBXBuildFile; fileRef = F775234D17029B97004D7A4D /* 3BBooks.sqlite */; };
/* End PBXBuildFile section */

/* Begin PBXFileReference section */
		F75680A31705CC8C0042BB55 /* OSU_searchViewController.h */ = {isa = PBXFileReference; fileEncoding = 4; lastKnownFileType = sourcecode.c.h; path = OSU_searchViewController.h; sourceTree = "<group>"; };
		F75680A41705CC8C0042BB55 /* OSU_searchViewController.m */ = {isa = PBXFileReference; fileEncoding = 4; lastKnownFileType = sourcecode.c.objc; path = OSU_searchViewController.m; sourceTree = "<group>"; };
		F75680A71705DB0C0042BB55 /* AFPickerView.h */ = {isa = PBXFileReference; fileEncoding = 4; lastKnownFileType = sourcecode.c.h; path = AFPickerView.h; sourceTree = "<group>"; };
		F75680A81705DB0C0042BB55 /* AFPickerView.m */ = {isa = PBXFileReference; fileEncoding = 4; lastKnownFileType = sourcecode.c.objc; path = AFPickerView.m; sourceTree = "<group>"; };
		F75680A91705DB0C0042BB55 /* pickerBackground.png */ = {isa = PBXFileReference; lastKnownFileType = image.png; path = pickerBackground.png; sourceTree = "<group>"; };
		F75680AA1705DB0C0042BB55 /* pickerBackground@2x.png */ = {isa = PBXFileReference; lastKnownFileType = image.png; path = "pickerBackground@2x.png"; sourceTree = "<group>"; };
		F75680AB1705DB0C0042BB55 /* pickerGlass.png */ = {isa = PBXFileReference; lastKnownFileType = image.png; path = pickerGlass.png; sourceTree = "<group>"; };
		F75680AC1705DB0C0042BB55 /* pickerGlass@2x.png */ = {isa = PBXFileReference; lastKnownFileType = image.png; path = "pickerGlass@2x.png"; sourceTree = "<group>"; };
		F75680AD1705DB0C0042BB55 /* pickerShadows.png */ = {isa = PBXFileReference; lastKnownFileType = image.png; path = pickerShadows.png; sourceTree = "<group>"; };
		F75680AE1705DB0C0042BB55 /* pickerShadows@2x.png */ = {isa = PBXFileReference; lastKnownFileType = image.png; path = "pickerShadows@2x.png"; sourceTree = "<group>"; };
		F75680B61705F4390042BB55 /* OSU_searchResultViewController.h */ = {isa = PBXFileReference; fileEncoding = 4; lastKnownFileType = sourcecode.c.h; path = OSU_searchResultViewController.h; sourceTree = "<group>"; };
		F75680B71705F4390042BB55 /* OSU_searchResultViewController.m */ = {isa = PBXFileReference; fileEncoding = 4; lastKnownFileType = sourcecode.c.objc; path = OSU_searchResultViewController.m; sourceTree = "<group>"; };
		F75680B9170666660042BB55 /* OSU_3BBooks.h */ = {isa = PBXFileReference; fileEncoding = 4; lastKnownFileType = sourcecode.c.h; path = OSU_3BBooks.h; sourceTree = "<group>"; };
		F75680BA170666660042BB55 /* OSU_3BBooks.m */ = {isa = PBXFileReference; fileEncoding = 4; lastKnownFileType = sourcecode.c.objc; path = OSU_3BBooks.m; sourceTree = "<group>"; };
		F75680BF17067D400042BB55 /* OSU_3BBookCell.h */ = {isa = PBXFileReference; fileEncoding = 4; lastKnownFileType = sourcecode.c.h; path = OSU_3BBookCell.h; sourceTree = "<group>"; };
		F75680C017067D400042BB55 /* OSU_3BBookCell.m */ = {isa = PBXFileReference; fileEncoding = 4; lastKnownFileType = sourcecode.c.objc; path = OSU_3BBookCell.m; sourceTree = "<group>"; };
		F775230B17027DF6004D7A4D /* CSE3241_Bookstore_Project.app */ = {isa = PBXFileReference; explicitFileType = wrapper.application; includeInIndex = 0; path = CSE3241_Bookstore_Project.app; sourceTree = BUILT_PRODUCTS_DIR; };
		F775230E17027DF6004D7A4D /* UIKit.framework */ = {isa = PBXFileReference; lastKnownFileType = wrapper.framework; name = UIKit.framework; path = System/Library/Frameworks/UIKit.framework; sourceTree = SDKROOT; };
		F775231017027DF6004D7A4D /* Foundation.framework */ = {isa = PBXFileReference; lastKnownFileType = wrapper.framework; name = Foundation.framework; path = System/Library/Frameworks/Foundation.framework; sourceTree = SDKROOT; };
		F775231217027DF6004D7A4D /* CoreGraphics.framework */ = {isa = PBXFileReference; lastKnownFileType = wrapper.framework; name = CoreGraphics.framework; path = System/Library/Frameworks/CoreGraphics.framework; sourceTree = SDKROOT; };
		F775231617027DF6004D7A4D /* CSE3241_Bookstore_Project-Info.plist */ = {isa = PBXFileReference; lastKnownFileType = text.plist.xml; path = "CSE3241_Bookstore_Project-Info.plist"; sourceTree = "<group>"; };
		F775231817027DF6004D7A4D /* en */ = {isa = PBXFileReference; lastKnownFileType = text.plist.strings; name = en; path = en.lproj/InfoPlist.strings; sourceTree = "<group>"; };
		F775231A17027DF6004D7A4D /* main.m */ = {isa = PBXFileReference; lastKnownFileType = sourcecode.c.objc; path = main.m; sourceTree = "<group>"; };
		F775231C17027DF6004D7A4D /* CSE3241_Bookstore_Project-Prefix.pch */ = {isa = PBXFileReference; lastKnownFileType = sourcecode.c.h; path = "CSE3241_Bookstore_Project-Prefix.pch"; sourceTree = "<group>"; };
		F775231D17027DF6004D7A4D /* OSUAppDelegate.h */ = {isa = PBXFileReference; lastKnownFileType = sourcecode.c.h; path = OSUAppDelegate.h; sourceTree = "<group>"; };
		F775231E17027DF6004D7A4D /* OSUAppDelegate.m */ = {isa = PBXFileReference; lastKnownFileType = sourcecode.c.objc; path = OSUAppDelegate.m; sourceTree = "<group>"; };
		F775232017027DF6004D7A4D /* Default.png */ = {isa = PBXFileReference; lastKnownFileType = image.png; path = Default.png; sourceTree = "<group>"; };
		F775232217027DF6004D7A4D /* Default@2x.png */ = {isa = PBXFileReference; lastKnownFileType = image.png; path = "Default@2x.png"; sourceTree = "<group>"; };
		F775232417027DF6004D7A4D /* Default-568h@2x.png */ = {isa = PBXFileReference; lastKnownFileType = image.png; path = "Default-568h@2x.png"; sourceTree = "<group>"; };
		F775232717027DF6004D7A4D /* en */ = {isa = PBXFileReference; lastKnownFileType = file.storyboard; name = en; path = en.lproj/MainStoryboard.storyboard; sourceTree = "<group>"; };
		F7752334170282CA004D7A4D /* OSU_initViewController.h */ = {isa = PBXFileReference; fileEncoding = 4; lastKnownFileType = sourcecode.c.h; path = OSU_initViewController.h; sourceTree = "<group>"; };
		F7752335170282CA004D7A4D /* OSU_initViewController.m */ = {isa = PBXFileReference; fileEncoding = 4; lastKnownFileType = sourcecode.c.objc; path = OSU_initViewController.m; sourceTree = "<group>"; };
		F775233F170283D3004D7A4D /* OSU_3BSQLiteDatabaseHandler.h */ = {isa = PBXFileReference; fileEncoding = 4; lastKnownFileType = sourcecode.c.h; path = OSU_3BSQLiteDatabaseHandler.h; sourceTree = "<group>"; };
		F7752340170283D3004D7A4D /* OSU_3BSQLiteDatabaseHandler.m */ = {isa = PBXFileReference; fileEncoding = 4; lastKnownFileType = sourcecode.c.objc; path = OSU_3BSQLiteDatabaseHandler.m; sourceTree = "<group>"; };
		F7752342170284BF004D7A4D /* libsqlite3.0.dylib */ = {isa = PBXFileReference; lastKnownFileType = "compiled.mach-o.dylib"; name = libsqlite3.0.dylib; path = usr/lib/libsqlite3.0.dylib; sourceTree = SDKROOT; };
		F7752343170284BF004D7A4D /* libsqlite3.dylib */ = {isa = PBXFileReference; lastKnownFileType = "compiled.mach-o.dylib"; name = libsqlite3.dylib; path = usr/lib/libsqlite3.dylib; sourceTree = SDKROOT; };
		F775234817028959004D7A4D /* OSU_3BBook.h */ = {isa = PBXFileReference; fileEncoding = 4; lastKnownFileType = sourcecode.c.h; path = OSU_3BBook.h; sourceTree = "<group>"; };
		F775234917028959004D7A4D /* OSU_3BBook.m */ = {isa = PBXFileReference; fileEncoding = 4; lastKnownFileType = sourcecode.c.objc; path = OSU_3BBook.m; sourceTree = "<group>"; };
		F775234D17029B97004D7A4D /* 3BBooks.sqlite */ = {isa = PBXFileReference; lastKnownFileType = file; name = 3BBooks.sqlite; path = "3-B_Bookstore_Project/3BBooks.sqlite"; sourceTree = "<group>"; };
/* End PBXFileReference section */

/* Begin PBXFrameworksBuildPhase section */
		F775230817027DF6004D7A4D /* Frameworks */ = {
			isa = PBXFrameworksBuildPhase;
			buildActionMask = 2147483647;
			files = (
				F7752344170284BF004D7A4D /* libsqlite3.0.dylib in Frameworks */,
				F7752345170284BF004D7A4D /* libsqlite3.dylib in Frameworks */,
				F775230F17027DF6004D7A4D /* UIKit.framework in Frameworks */,
				F775231117027DF6004D7A4D /* Foundation.framework in Frameworks */,
				F775231317027DF6004D7A4D /* CoreGraphics.framework in Frameworks */,
			);
			runOnlyForDeploymentPostprocessing = 0;
		};
/* End PBXFrameworksBuildPhase section */

/* Begin PBXGroup section */
		F75680A61705DB0C0042BB55 /* AFPickerView */ = {
			isa = PBXGroup;
			children = (
				F75680A71705DB0C0042BB55 /* AFPickerView.h */,
				F75680A81705DB0C0042BB55 /* AFPickerView.m */,
				F75680A91705DB0C0042BB55 /* pickerBackground.png */,
				F75680AA1705DB0C0042BB55 /* pickerBackground@2x.png */,
				F75680AB1705DB0C0042BB55 /* pickerGlass.png */,
				F75680AC1705DB0C0042BB55 /* pickerGlass@2x.png */,
				F75680AD1705DB0C0042BB55 /* pickerShadows.png */,
				F75680AE1705DB0C0042BB55 /* pickerShadows@2x.png */,
			);
			path = AFPickerView;
			sourceTree = "<group>";
		};
		F775230217027DF6004D7A4D = {
			isa = PBXGroup;
			children = (
				F775234D17029B97004D7A4D /* 3BBooks.sqlite */,
				F7752342170284BF004D7A4D /* libsqlite3.0.dylib */,
				F7752343170284BF004D7A4D /* libsqlite3.dylib */,
				F775231417027DF6004D7A4D /* 3-B_Bookstore_Project */,
				F775230D17027DF6004D7A4D /* Frameworks */,
				F775230C17027DF6004D7A4D /* Products */,
			);
			sourceTree = "<group>";
		};
		F775230C17027DF6004D7A4D /* Products */ = {
			isa = PBXGroup;
			children = (
				F775230B17027DF6004D7A4D /* CSE3241_Bookstore_Project.app */,
			);
			name = Products;
			sourceTree = "<group>";
		};
		F775230D17027DF6004D7A4D /* Frameworks */ = {
			isa = PBXGroup;
			children = (
				F775230E17027DF6004D7A4D /* UIKit.framework */,
				F775231017027DF6004D7A4D /* Foundation.framework */,
				F775231217027DF6004D7A4D /* CoreGraphics.framework */,
			);
			name = Frameworks;
			sourceTree = "<group>";
		};
		F775231417027DF6004D7A4D /* 3-B_Bookstore_Project */ = {
			isa = PBXGroup;
			children = (
				F775231D17027DF6004D7A4D /* OSUAppDelegate.h */,
				F775231E17027DF6004D7A4D /* OSUAppDelegate.m */,
				F775232617027DF6004D7A4D /* MainStoryboard.storyboard */,
				F75680A61705DB0C0042BB55 /* AFPickerView */,
				F775233E170283C6004D7A4D /* 3BClasses */,
				F7752333170282CA004D7A4D /* ViewControllers */,
				F775231517027DF6004D7A4D /* Supporting Files */,
			);
			path = "3-B_Bookstore_Project";
			sourceTree = "<group>";
		};
		F775231517027DF6004D7A4D /* Supporting Files */ = {
			isa = PBXGroup;
			children = (
				F775231617027DF6004D7A4D /* CSE3241_Bookstore_Project-Info.plist */,
				F775231717027DF6004D7A4D /* InfoPlist.strings */,
				F775231A17027DF6004D7A4D /* main.m */,
				F775231C17027DF6004D7A4D /* CSE3241_Bookstore_Project-Prefix.pch */,
				F775232017027DF6004D7A4D /* Default.png */,
				F775232217027DF6004D7A4D /* Default@2x.png */,
				F775232417027DF6004D7A4D /* Default-568h@2x.png */,
			);
			name = "Supporting Files";
			sourceTree = "<group>";
		};
		F7752333170282CA004D7A4D /* ViewControllers */ = {
			isa = PBXGroup;
			children = (
				F7752334170282CA004D7A4D /* OSU_initViewController.h */,
				F7752335170282CA004D7A4D /* OSU_initViewController.m */,
				F75680A31705CC8C0042BB55 /* OSU_searchViewController.h */,
				F75680A41705CC8C0042BB55 /* OSU_searchViewController.m */,
				F75680B61705F4390042BB55 /* OSU_searchResultViewController.h */,
				F75680B71705F4390042BB55 /* OSU_searchResultViewController.m */,
				F75680BF17067D400042BB55 /* OSU_3BBookCell.h */,
				F75680C017067D400042BB55 /* OSU_3BBookCell.m */,
			);
			path = ViewControllers;
			sourceTree = "<group>";
		};
		F775233E170283C6004D7A4D /* 3BClasses */ = {
			isa = PBXGroup;
			children = (
				F775233F170283D3004D7A4D /* OSU_3BSQLiteDatabaseHandler.h */,
				F7752340170283D3004D7A4D /* OSU_3BSQLiteDatabaseHandler.m */,
				F775234817028959004D7A4D /* OSU_3BBook.h */,
				F775234917028959004D7A4D /* OSU_3BBook.m */,
				F75680B9170666660042BB55 /* OSU_3BBooks.h */,
				F75680BA170666660042BB55 /* OSU_3BBooks.m */,
			);
			path = 3BClasses;
			sourceTree = "<group>";
		};
/* End PBXGroup section */

/* Begin PBXNativeTarget section */
		F775230A17027DF6004D7A4D /* CSE3241_Bookstore_Project */ = {
			isa = PBXNativeTarget;
			buildConfigurationList = F775232E17027DF6004D7A4D /* Build configuration list for PBXNativeTarget "CSE3241_Bookstore_Project" */;
			buildPhases = (
				F775230717027DF6004D7A4D /* Sources */,
				F775230817027DF6004D7A4D /* Frameworks */,
				F775230917027DF6004D7A4D /* Resources */,
			);
			buildRules = (
			);
			dependencies = (
			);
			name = CSE3241_Bookstore_Project;
			productName = "3-B_Bookstore_Project";
			productReference = F775230B17027DF6004D7A4D /* CSE3241_Bookstore_Project.app */;
			productType = "com.apple.product-type.application";
		};
/* End PBXNativeTarget section */

/* Begin PBXProject section */
		F775230317027DF6004D7A4D /* Project object */ = {
			isa = PBXProject;
			attributes = {
				CLASSPREFIX = OSU;
				LastUpgradeCheck = 0460;
				ORGANIZATIONNAME = "The Ohio State University";
			};
			buildConfigurationList = F775230617027DF6004D7A4D /* Build configuration list for PBXProject "CSE3241_Bookstore_Project" */;
			compatibilityVersion = "Xcode 3.2";
			developmentRegion = English;
			hasScannedForEncodings = 0;
			knownRegions = (
				en,
			);
			mainGroup = F775230217027DF6004D7A4D;
			productRefGroup = F775230C17027DF6004D7A4D /* Products */;
			projectDirPath = "";
			projectRoot = "";
			targets = (
				F775230A17027DF6004D7A4D /* CSE3241_Bookstore_Project */,
			);
		};
/* End PBXProject section */

/* Begin PBXResourcesBuildPhase section */
		F775230917027DF6004D7A4D /* Resources */ = {
			isa = PBXResourcesBuildPhase;
			buildActionMask = 2147483647;
			files = (
				F775231917027DF6004D7A4D /* InfoPlist.strings in Resources */,
				F775232117027DF6004D7A4D /* Default.png in Resources */,
				F775232317027DF6004D7A4D /* Default@2x.png in Resources */,
				F775232517027DF6004D7A4D /* Default-568h@2x.png in Resources */,
				F775232817027DF6004D7A4D /* MainStoryboard.storyboard in Resources */,
				F775234E17029B97004D7A4D /* 3BBooks.sqlite in Resources */,
				F75680B01705DB0C0042BB55 /* pickerBackground.png in Resources */,
				F75680B11705DB0C0042BB55 /* pickerBackground@2x.png in Resources */,
				F75680B21705DB0C0042BB55 /* pickerGlass.png in Resources */,
				F75680B31705DB0C0042BB55 /* pickerGlass@2x.png in Resources */,
				F75680B41705DB0C0042BB55 /* pickerShadows.png in Resources */,
				F75680B51705DB0C0042BB55 /* pickerShadows@2x.png in Resources */,
			);
			runOnlyForDeploymentPostprocessing = 0;
		};
/* End PBXResourcesBuildPhase section */

/* Begin PBXSourcesBuildPhase section */
		F775230717027DF6004D7A4D /* Sources */ = {
			isa = PBXSourcesBuildPhase;
			buildActionMask = 2147483647;
			files = (
				F775231B17027DF6004D7A4D /* main.m in Sources */,
				F775231F17027DF6004D7A4D /* OSUAppDelegate.m in Sources */,
				F7752336170282CA004D7A4D /* OSU_initViewController.m in Sources */,
				F7752341170283D3004D7A4D /* OSU_3BSQLiteDatabaseHandler.m in Sources */,
				F775234A17028959004D7A4D /* OSU_3BBook.m in Sources */,
				F75680A51705CC8C0042BB55 /* OSU_searchViewController.m in Sources */,
				F75680AF1705DB0C0042BB55 /* AFPickerView.m in Sources */,
				F75680B81705F4390042BB55 /* OSU_searchResultViewController.m in Sources */,
				F75680BB170666660042BB55 /* OSU_3BBooks.m in Sources */,
				F75680C117067D400042BB55 /* OSU_3BBookCell.m in Sources */,
			);
			runOnlyForDeploymentPostprocessing = 0;
		};
/* End PBXSourcesBuildPhase section */

/* Begin PBXVariantGroup section */
		F775231717027DF6004D7A4D /* InfoPlist.strings */ = {
			isa = PBXVariantGroup;
			children = (
				F775231817027DF6004D7A4D /* en */,
			);
			name = InfoPlist.strings;
			sourceTree = "<group>";
		};
		F775232617027DF6004D7A4D /* MainStoryboard.storyboard */ = {
			isa = PBXVariantGroup;
			children = (
				F775232717027DF6004D7A4D /* en */,
			);
			name = MainStoryboard.storyboard;
			sourceTree = "<group>";
		};
/* End PBXVariantGroup section */

/* Begin XCBuildConfiguration section */
		F775232C17027DF6004D7A4D /* Debug */ = {
			isa = XCBuildConfiguration;
			buildSettings = {
				ALWAYS_SEARCH_USER_PATHS = NO;
				CLANG_CXX_LANGUAGE_STANDARD = "gnu++0x";
				CLANG_CXX_LIBRARY = "libc++";
				CLANG_ENABLE_OBJC_ARC = YES;
				CLANG_WARN_CONSTANT_CONVERSION = YES;
				CLANG_WARN_EMPTY_BODY = YES;
				CLANG_WARN_ENUM_CONVERSION = YES;
				CLANG_WARN_INT_CONVERSION = YES;
				CLANG_WARN__DUPLICATE_METHOD_MATCH = YES;
				"CODE_SIGN_IDENTITY[sdk=iphoneos*]" = "iPhone Developer";
				COPY_PHASE_STRIP = NO;
				GCC_C_LANGUAGE_STANDARD = gnu99;
				GCC_DYNAMIC_NO_PIC = NO;
				GCC_OPTIMIZATION_LEVEL = 0;
				GCC_PREPROCESSOR_DEFINITIONS = (
					"DEBUG=1",
					"$(inherited)",
				);
				GCC_SYMBOLS_PRIVATE_EXTERN = NO;
				GCC_WARN_ABOUT_RETURN_TYPE = YES;
				GCC_WARN_UNINITIALIZED_AUTOS = YES;
				GCC_WARN_UNUSED_VARIABLE = YES;
				IPHONEOS_DEPLOYMENT_TARGET = 6.1;
				ONLY_ACTIVE_ARCH = YES;
				SDKROOT = iphoneos;
			};
			name = Debug;
		};
		F775232D17027DF6004D7A4D /* Release */ = {
			isa = XCBuildConfiguration;
			buildSettings = {
				ALWAYS_SEARCH_USER_PATHS = NO;
				CLANG_CXX_LANGUAGE_STANDARD = "gnu++0x";
				CLANG_CXX_LIBRARY = "libc++";
				CLANG_ENABLE_OBJC_ARC = YES;
				CLANG_WARN_CONSTANT_CONVERSION = YES;
				CLANG_WARN_EMPTY_BODY = YES;
				CLANG_WARN_ENUM_CONVERSION = YES;
				CLANG_WARN_INT_CONVERSION = YES;
				CLANG_WARN__DUPLICATE_METHOD_MATCH = YES;
				"CODE_SIGN_IDENTITY[sdk=iphoneos*]" = "iPhone Developer";
				COPY_PHASE_STRIP = YES;
				GCC_C_LANGUAGE_STANDARD = gnu99;
				GCC_WARN_ABOUT_RETURN_TYPE = YES;
				GCC_WARN_UNINITIALIZED_AUTOS = YES;
				GCC_WARN_UNUSED_VARIABLE = YES;
				IPHONEOS_DEPLOYMENT_TARGET = 6.1;
				OTHER_CFLAGS = "-DNS_BLOCK_ASSERTIONS=1";
				SDKROOT = iphoneos;
				VALIDATE_PRODUCT = YES;
			};
			name = Release;
		};
		F775232F17027DF6004D7A4D /* Debug */ = {
			isa = XCBuildConfiguration;
			buildSettings = {
				GCC_PRECOMPILE_PREFIX_HEADER = YES;
				GCC_PREFIX_HEADER = "3-B_Bookstore_Project/CSE3241_Bookstore_Project-Prefix.pch";
				INFOPLIST_FILE = "3-B_Bookstore_Project/CSE3241_Bookstore_Project-Info.plist";
				PRODUCT_NAME = CSE3241_Bookstore_Project;
				WRAPPER_EXTENSION = app;
			};
			name = Debug;
		};
		F775233017027DF6004D7A4D /* Release */ = {
			isa = XCBuildConfiguration;
			buildSettings = {
				GCC_PRECOMPILE_PREFIX_HEADER = YES;
				GCC_PREFIX_HEADER = "3-B_Bookstore_Project/CSE3241_Bookstore_Project-Prefix.pch";
				INFOPLIST_FILE = "3-B_Bookstore_Project/CSE3241_Bookstore_Project-Info.plist";
				PRODUCT_NAME = CSE3241_Bookstore_Project;
				WRAPPER_EXTENSION = app;
			};
			name = Release;
		};
/* End XCBuildConfiguration section */

/* Begin XCConfigurationList section */
		F775230617027DF6004D7A4D /* Build configuration list for PBXProject "CSE3241_Bookstore_Project" */ = {
			isa = XCConfigurationList;
			buildConfigurations = (
				F775232C17027DF6004D7A4D /* Debug */,
				F775232D17027DF6004D7A4D /* Release */,
			);
			defaultConfigurationIsVisible = 0;
			defaultConfigurationName = Release;
		};
		F775232E17027DF6004D7A4D /* Build configuration list for PBXNativeTarget "CSE3241_Bookstore_Project" */ = {
			isa = XCConfigurationList;
			buildConfigurations = (
				F775232F17027DF6004D7A4D /* Debug */,
				F775233017027DF6004D7A4D /* Release */,
			);
			defaultConfigurationIsVisible = 0;
			defaultConfigurationName = Release;
		};
/* End XCConfigurationList section */
	};
	rootObject = F775230317027DF6004D7A4D /* Project object */;
}
